
Microsoft Visual Studio Solution File, Format Version 11.00
# Visual Studio 2010
Project("{FAE04EC0-301F-11D3-BF4B-00C04F79EFBC}") = "F08_TcpSrvs", "F08_TcpSrvs.csproj", "{412D43E5-B11B-439E-9188-AE96732FD238}"
EndProject
Global
	GlobalSection(SolutionConfigurationPlatforms) = preSolution
		Debug|x86 = Debug|x86
		Release|x86 = Release|x86
	EndGlobalSection
	GlobalSection(ProjectConfigurationPlatforms) = postSolution
		{412D43E5-B11B-439E-9188-AE96732FD238}.Debug|x86.ActiveCfg = Debug|x86
		{412D43E5-B11B-439E-9188-AE96732FD238}.Debug|x86.Build.0 = Debug|x86
		{412D43E5-B11B-439E-9188-AE96732FD238}.Release|x86.ActiveCfg = Release|x86
		{412D43E5-B11B-439E-9188-AE96732FD238}.Release|x86.Build.0 = Release|x86
	EndGlobalSection
	GlobalSection(SolutionProperties) = preSolution
		HideSolutionNode = FALSE
	EndGlobalSection
EndGlobal
